// !$*UTF8*$!
{
	archiveVersion = 1;
	classes = {
	};
	objectVersion = 50;
	objects = {

/* Begin PBXBuildFile section */
		9D392E792236E96F0034CB69 /* NoteDetailVC.swift in Sources */ = {isa = PBXBuildFile; fileRef = 9D392E782236E96F0034CB69 /* NoteDetailVC.swift */; };
		9D392E7D2236EBC70034CB69 /* NotesVC.swift in Sources */ = {isa = PBXBuildFile; fileRef = 9D392E7C2236EBC70034CB69 /* NotesVC.swift */; };
		9D392E7F2236ED230034CB69 /* Path.swift in Sources */ = {isa = PBXBuildFile; fileRef = 9D392E7E2236ED230034CB69 /* Path.swift */; };
		9D392E812236ED380034CB69 /* Resource.swift in Sources */ = {isa = PBXBuildFile; fileRef = 9D392E802236ED380034CB69 /* Resource.swift */; };
		9D392E832236ED4B0034CB69 /* Result.swift in Sources */ = {isa = PBXBuildFile; fileRef = 9D392E822236ED4B0034CB69 /* Result.swift */; };
		9D392E852236ED640034CB69 /* WebError.swift in Sources */ = {isa = PBXBuildFile; fileRef = 9D392E842236ED640034CB69 /* WebError.swift */; };
		9D392E892236F87B0034CB69 /* NotesManager.swift in Sources */ = {isa = PBXBuildFile; fileRef = 9D392E882236F87B0034CB69 /* NotesManager.swift */; };
		9D933C6C2235299D00C3CB81 /* AppDelegate.swift in Sources */ = {isa = PBXBuildFile; fileRef = 9D933C6B2235299D00C3CB81 /* AppDelegate.swift */; };
		9D933C712235299D00C3CB81 /* Main.storyboard in Resources */ = {isa = PBXBuildFile; fileRef = 9D933C6F2235299D00C3CB81 /* Main.storyboard */; };
		9D933C732235299E00C3CB81 /* Assets.xcassets in Resources */ = {isa = PBXBuildFile; fileRef = 9D933C722235299E00C3CB81 /* Assets.xcassets */; };
		9D933C762235299E00C3CB81 /* LaunchScreen.storyboard in Resources */ = {isa = PBXBuildFile; fileRef = 9D933C742235299E00C3CB81 /* LaunchScreen.storyboard */; };
		9D933C812235299E00C3CB81 /* NotesTests.swift in Sources */ = {isa = PBXBuildFile; fileRef = 9D933C802235299E00C3CB81 /* NotesTests.swift */; };
		9D933C8C22352F4800C3CB81 /* Note.swift in Sources */ = {isa = PBXBuildFile; fileRef = 9D933C8B22352F4800C3CB81 /* Note.swift */; };
		9D933C98223534B400C3CB81 /* HTTPMethods.swift in Sources */ = {isa = PBXBuildFile; fileRef = 9D933C97223534B400C3CB81 /* HTTPMethods.swift */; };
		9D933C9E2235386A00C3CB81 /* APIError.swift in Sources */ = {isa = PBXBuildFile; fileRef = 9D933C9D2235386A00C3CB81 /* APIError.swift */; };
		9D933CA422353C6B00C3CB81 /* Client.swift in Sources */ = {isa = PBXBuildFile; fileRef = 9D933CA322353C6B00C3CB81 /* Client.swift */; };
		9D933CB02235B0AC00C3CB81 /* RequestBuilder.swift in Sources */ = {isa = PBXBuildFile; fileRef = 9D933CAF2235B0AC00C3CB81 /* RequestBuilder.swift */; };
/* End PBXBuildFile section */

/* Begin PBXContainerItemProxy section */
		9D933C7D2235299E00C3CB81 /* PBXContainerItemProxy */ = {
			isa = PBXContainerItemProxy;
			containerPortal = 9D933C602235299D00C3CB81 /* Project object */;
			proxyType = 1;
			remoteGlobalIDString = 9D933C672235299D00C3CB81;
			remoteInfo = Notes;
		};
/* End PBXContainerItemProxy section */

/* Begin PBXFileReference section */
		9D392E782236E96F0034CB69 /* NoteDetailVC.swift */ = {isa = PBXFileReference; lastKnownFileType = sourcecode.swift; path = NoteDetailVC.swift; sourceTree = "<group>"; };
		9D392E7C2236EBC70034CB69 /* NotesVC.swift */ = {isa = PBXFileReference; fileEncoding = 4; lastKnownFileType = sourcecode.swift; path = NotesVC.swift; sourceTree = "<group>"; };
		9D392E7E2236ED230034CB69 /* Path.swift */ = {isa = PBXFileReference; lastKnownFileType = sourcecode.swift; path = Path.swift; sourceTree = "<group>"; };
		9D392E802236ED380034CB69 /* Resource.swift */ = {isa = PBXFileReference; lastKnownFileType = sourcecode.swift; path = Resource.swift; sourceTree = "<group>"; };
		9D392E822236ED4B0034CB69 /* Result.swift */ = {isa = PBXFileReference; lastKnownFileType = sourcecode.swift; path = Result.swift; sourceTree = "<group>"; };
		9D392E842236ED640034CB69 /* WebError.swift */ = {isa = PBXFileReference; lastKnownFileType = sourcecode.swift; path = WebError.swift; sourceTree = "<group>"; };
		9D392E882236F87B0034CB69 /* NotesManager.swift */ = {isa = PBXFileReference; fileEncoding = 4; lastKnownFileType = sourcecode.swift; path = NotesManager.swift; sourceTree = "<group>"; };
		9D933C682235299D00C3CB81 /* Notes.app */ = {isa = PBXFileReference; explicitFileType = wrapper.application; includeInIndex = 0; path = Notes.app; sourceTree = BUILT_PRODUCTS_DIR; };
		9D933C6B2235299D00C3CB81 /* AppDelegate.swift */ = {isa = PBXFileReference; lastKnownFileType = sourcecode.swift; path = AppDelegate.swift; sourceTree = "<group>"; };
		9D933C702235299D00C3CB81 /* Base */ = {isa = PBXFileReference; lastKnownFileType = file.storyboard; name = Base; path = Base.lproj/Main.storyboard; sourceTree = "<group>"; };
		9D933C722235299E00C3CB81 /* Assets.xcassets */ = {isa = PBXFileReference; lastKnownFileType = folder.assetcatalog; path = Assets.xcassets; sourceTree = "<group>"; };
		9D933C752235299E00C3CB81 /* Base */ = {isa = PBXFileReference; lastKnownFileType = file.storyboard; name = Base; path = Base.lproj/LaunchScreen.storyboard; sourceTree = "<group>"; };
		9D933C772235299E00C3CB81 /* Info.plist */ = {isa = PBXFileReference; lastKnownFileType = text.plist.xml; path = Info.plist; sourceTree = "<group>"; };
		9D933C7C2235299E00C3CB81 /* NotesTests.xctest */ = {isa = PBXFileReference; explicitFileType = wrapper.cfbundle; includeInIndex = 0; path = NotesTests.xctest; sourceTree = BUILT_PRODUCTS_DIR; };
		9D933C802235299E00C3CB81 /* NotesTests.swift */ = {isa = PBXFileReference; lastKnownFileType = sourcecode.swift; path = NotesTests.swift; sourceTree = "<group>"; };
		9D933C822235299E00C3CB81 /* Info.plist */ = {isa = PBXFileReference; lastKnownFileType = text.plist.xml; path = Info.plist; sourceTree = "<group>"; };
		9D933C8B22352F4800C3CB81 /* Note.swift */ = {isa = PBXFileReference; lastKnownFileType = sourcecode.swift; path = Note.swift; sourceTree = "<group>"; };
		9D933C97223534B400C3CB81 /* HTTPMethods.swift */ = {isa = PBXFileReference; lastKnownFileType = sourcecode.swift; path = HTTPMethods.swift; sourceTree = "<group>"; };
		9D933C9D2235386A00C3CB81 /* APIError.swift */ = {isa = PBXFileReference; lastKnownFileType = sourcecode.swift; path = APIError.swift; sourceTree = "<group>"; };
		9D933CA322353C6B00C3CB81 /* Client.swift */ = {isa = PBXFileReference; lastKnownFileType = sourcecode.swift; path = Client.swift; sourceTree = "<group>"; };
		9D933CAF2235B0AC00C3CB81 /* RequestBuilder.swift */ = {isa = PBXFileReference; lastKnownFileType = sourcecode.swift; path = RequestBuilder.swift; sourceTree = "<group>"; };
/* End PBXFileReference section */

/* Begin PBXFrameworksBuildPhase section */
		9D933C652235299D00C3CB81 /* Frameworks */ = {
			isa = PBXFrameworksBuildPhase;
			buildActionMask = 2147483647;
			files = (
			);
			runOnlyForDeploymentPostprocessing = 0;
		};
		9D933C792235299E00C3CB81 /* Frameworks */ = {
			isa = PBXFrameworksBuildPhase;
			buildActionMask = 2147483647;
			files = (
			);
			runOnlyForDeploymentPostprocessing = 0;
		};
/* End PBXFrameworksBuildPhase section */

/* Begin PBXGroup section */
		9D933C5F2235299D00C3CB81 = {
			isa = PBXGroup;
			children = (
				9D933C6A2235299D00C3CB81 /* Notes */,
				9D933C7F2235299E00C3CB81 /* NotesTests */,
				9D933C692235299D00C3CB81 /* Products */,
			);
			sourceTree = "<group>";
		};
		9D933C692235299D00C3CB81 /* Products */ = {
			isa = PBXGroup;
			children = (
				9D933C682235299D00C3CB81 /* Notes.app */,
				9D933C7C2235299E00C3CB81 /* NotesTests.xctest */,
			);
			name = Products;
			sourceTree = "<group>";
		};
		9D933C6A2235299D00C3CB81 /* Notes */ = {
			isa = PBXGroup;
			children = (
				9D933C962235338500C3CB81 /* Networking */,
				9D933C8D22352F5000C3CB81 /* Model */,
				9D933CB12235B64200C3CB81 /* ViewController */,
				9D933C6B2235299D00C3CB81 /* AppDelegate.swift */,
				9D933C6F2235299D00C3CB81 /* Main.storyboard */,
				9D933C722235299E00C3CB81 /* Assets.xcassets */,
				9D933C742235299E00C3CB81 /* LaunchScreen.storyboard */,
				9D933C772235299E00C3CB81 /* Info.plist */,
			);
			path = Notes;
			sourceTree = "<group>";
		};
		9D933C7F2235299E00C3CB81 /* NotesTests */ = {
			isa = PBXGroup;
			children = (
				9D933C802235299E00C3CB81 /* NotesTests.swift */,
				9D933C822235299E00C3CB81 /* Info.plist */,
			);
			path = NotesTests;
			sourceTree = "<group>";
		};
		9D933C8D22352F5000C3CB81 /* Model */ = {
			isa = PBXGroup;
			children = (
				9D933C8B22352F4800C3CB81 /* Note.swift */,
				9D392E882236F87B0034CB69 /* NotesManager.swift */,
			);
			path = Model;
			sourceTree = "<group>";
		};
		9D933C962235338500C3CB81 /* Networking */ = {
			isa = PBXGroup;
			children = (
				9D933C9D2235386A00C3CB81 /* APIError.swift */,
				9D933CA322353C6B00C3CB81 /* Client.swift */,
				9D933C97223534B400C3CB81 /* HTTPMethods.swift */,
				9D392E7E2236ED230034CB69 /* Path.swift */,
				9D392E802236ED380034CB69 /* Resource.swift */,
				9D392E822236ED4B0034CB69 /* Result.swift */,
				9D933CAF2235B0AC00C3CB81 /* RequestBuilder.swift */,
				9D392E842236ED640034CB69 /* WebError.swift */,
			);
			path = Networking;
			sourceTree = "<group>";
		};
		9D933CB12235B64200C3CB81 /* ViewController */ = {
			isa = PBXGroup;
			children = (
				9D392E7C2236EBC70034CB69 /* NotesVC.swift */,
				9D392E782236E96F0034CB69 /* NoteDetailVC.swift */,
			);
			path = ViewController;
			sourceTree = "<group>";
		};
/* End PBXGroup section */

/* Begin PBXNativeTarget section */
		9D933C672235299D00C3CB81 /* Notes */ = {
			isa = PBXNativeTarget;
			buildConfigurationList = 9D933C852235299E00C3CB81 /* Build configuration list for PBXNativeTarget "Notes" */;
			buildPhases = (
				9D933C642235299D00C3CB81 /* Sources */,
				9D933C652235299D00C3CB81 /* Frameworks */,
				9D933C662235299D00C3CB81 /* Resources */,
			);
			buildRules = (
			);
			dependencies = (
			);
			name = Notes;
			productName = Notes;
			productReference = 9D933C682235299D00C3CB81 /* Notes.app */;
			productType = "com.apple.product-type.application";
		};
		9D933C7B2235299E00C3CB81 /* NotesTests */ = {
			isa = PBXNativeTarget;
			buildConfigurationList = 9D933C882235299E00C3CB81 /* Build configuration list for PBXNativeTarget "NotesTests" */;
			buildPhases = (
				9D933C782235299E00C3CB81 /* Sources */,
				9D933C792235299E00C3CB81 /* Frameworks */,
				9D933C7A2235299E00C3CB81 /* Resources */,
			);
			buildRules = (
			);
			dependencies = (
				9D933C7E2235299E00C3CB81 /* PBXTargetDependency */,
			);
			name = NotesTests;
			productName = NotesTests;
			productReference = 9D933C7C2235299E00C3CB81 /* NotesTests.xctest */;
			productType = "com.apple.product-type.bundle.unit-test";
		};
/* End PBXNativeTarget section */

/* Begin PBXProject section */
		9D933C602235299D00C3CB81 /* Project object */ = {
			isa = PBXProject;
			attributes = {
				LastSwiftUpdateCheck = 1010;
				LastUpgradeCheck = 1010;
				ORGANIZATIONNAME = "Jozef Vrana";
				TargetAttributes = {
					9D933C672235299D00C3CB81 = {
						CreatedOnToolsVersion = 10.1;
					};
					9D933C7B2235299E00C3CB81 = {
						CreatedOnToolsVersion = 10.1;
						TestTargetID = 9D933C672235299D00C3CB81;
					};
				};
			};
			buildConfigurationList = 9D933C632235299D00C3CB81 /* Build configuration list for PBXProject "Notes" */;
			compatibilityVersion = "Xcode 9.3";
			developmentRegion = en;
			hasScannedForEncodings = 0;
			knownRegions = (
				en,
				Base,
			);
			mainGroup = 9D933C5F2235299D00C3CB81;
			productRefGroup = 9D933C692235299D00C3CB81 /* Products */;
			projectDirPath = "";
			projectRoot = "";
			targets = (
				9D933C672235299D00C3CB81 /* Notes */,
				9D933C7B2235299E00C3CB81 /* NotesTests */,
			);
		};
/* End PBXProject section */

/* Begin PBXResourcesBuildPhase section */
		9D933C662235299D00C3CB81 /* Resources */ = {
			isa = PBXResourcesBuildPhase;
			buildActionMask = 2147483647;
			files = (
				9D933C762235299E00C3CB81 /* LaunchScreen.storyboard in Resources */,
				9D933C732235299E00C3CB81 /* Assets.xcassets in Resources */,
				9D933C712235299D00C3CB81 /* Main.storyboard in Resources */,
			);
			runOnlyForDeploymentPostprocessing = 0;
		};
		9D933C7A2235299E00C3CB81 /* Resources */ = {
			isa = PBXResourcesBuildPhase;
			buildActionMask = 2147483647;
			files = (
			);
			runOnlyForDeploymentPostprocessing = 0;
		};
/* End PBXResourcesBuildPhase section */

/* Begin PBXSourcesBuildPhase section */
		9D933C642235299D00C3CB81 /* Sources */ = {
			isa = PBXSourcesBuildPhase;
			buildActionMask = 2147483647;
			files = (
				9D392E892236F87B0034CB69 /* NotesManager.swift in Sources */,
				9D933CA422353C6B00C3CB81 /* Client.swift in Sources */,
				9D933C98223534B400C3CB81 /* HTTPMethods.swift in Sources */,
				9D933C6C2235299D00C3CB81 /* AppDelegate.swift in Sources */,
				9D392E812236ED380034CB69 /* Resource.swift in Sources */,
				9D933CB02235B0AC00C3CB81 /* RequestBuilder.swift in Sources */,
				9D933C9E2235386A00C3CB81 /* APIError.swift in Sources */,
				9D933C8C22352F4800C3CB81 /* Note.swift in Sources */,
				9D392E7D2236EBC70034CB69 /* NotesVC.swift in Sources */,
				9D392E7F2236ED230034CB69 /* Path.swift in Sources */,
				9D392E852236ED640034CB69 /* WebError.swift in Sources */,
				9D392E792236E96F0034CB69 /* NoteDetailVC.swift in Sources */,
				9D392E832236ED4B0034CB69 /* Result.swift in Sources */,
			);
			runOnlyForDeploymentPostprocessing = 0;
		};
		9D933C782235299E00C3CB81 /* Sources */ = {
			isa = PBXSourcesBuildPhase;
			buildActionMask = 2147483647;
			files = (
				9D933C812235299E00C3CB81 /* NotesTests.swift in Sources */,
			);
			runOnlyForDeploymentPostprocessing = 0;
		};
/* End PBXSourcesBuildPhase section */

/* Begin PBXTargetDependency section */
		9D933C7E2235299E00C3CB81 /* PBXTargetDependency */ = {
			isa = PBXTargetDependency;
			target = 9D933C672235299D00C3CB81 /* Notes */;
			targetProxy = 9D933C7D2235299E00C3CB81 /* PBXContainerItemProxy */;
		};
/* End PBXTargetDependency section */

/* Begin PBXVariantGroup section */
		9D933C6F2235299D00C3CB81 /* Main.storyboard */ = {
			isa = PBXVariantGroup;
			children = (
				9D933C702235299D00C3CB81 /* Base */,
			);
			name = Main.storyboard;
			sourceTree = "<group>";
		};
		9D933C742235299E00C3CB81 /* LaunchScreen.storyboard */ = {
			isa = PBXVariantGroup;
			children = (
				9D933C752235299E00C3CB81 /* Base */,
			);
			name = LaunchScreen.storyboard;
			sourceTree = "<group>";
		};
/* End PBXVariantGroup section */

/* Begin XCBuildConfiguration section */
		9D933C832235299E00C3CB81 /* Debug */ = {
			isa = XCBuildConfiguration;
			buildSettings = {
				ALWAYS_SEARCH_USER_PATHS = NO;
				CLANG_ANALYZER_NONNULL = YES;
				CLANG_ANALYZER_NUMBER_OBJECT_CONVERSION = YES_AGGRESSIVE;
				CLANG_CXX_LANGUAGE_STANDARD = "gnu++14";
				CLANG_CXX_LIBRARY = "libc++";
				CLANG_ENABLE_MODULES = YES;
				CLANG_ENABLE_OBJC_ARC = YES;
				CLANG_ENABLE_OBJC_WEAK = YES;
				CLANG_WARN_BLOCK_CAPTURE_AUTORELEASING = YES;
				CLANG_WARN_BOOL_CONVERSION = YES;
				CLANG_WARN_COMMA = YES;
				CLANG_WARN_CONSTANT_CONVERSION = YES;
				CLANG_WARN_DEPRECATED_OBJC_IMPLEMENTATIONS = YES;
				CLANG_WARN_DIRECT_OBJC_ISA_USAGE = YES_ERROR;
				CLANG_WARN_DOCUMENTATION_COMMENTS = YES;
				CLANG_WARN_EMPTY_BODY = YES;
				CLANG_WARN_ENUM_CONVERSION = YES;
				CLANG_WARN_INFINITE_RECURSION = YES;
				CLANG_WARN_INT_CONVERSION = YES;
				CLANG_WARN_NON_LITERAL_NULL_CONVERSION = YES;
				CLANG_WARN_OBJC_IMPLICIT_RETAIN_SELF = YES;
				CLANG_WARN_OBJC_LITERAL_CONVERSION = YES;
				CLANG_WARN_OBJC_ROOT_CLASS = YES_ERROR;
				CLANG_WARN_RANGE_LOOP_ANALYSIS = YES;
				CLANG_WARN_STRICT_PROTOTYPES = YES;
				CLANG_WARN_SUSPICIOUS_MOVE = YES;
				CLANG_WARN_UNGUARDED_AVAILABILITY = YES_AGGRESSIVE;
				CLANG_WARN_UNREACHABLE_CODE = YES;
				CLANG_WARN__DUPLICATE_METHOD_MATCH = YES;
				CODE_SIGN_IDENTITY = "iPhone Developer";
				COPY_PHASE_STRIP = NO;
				DEBUG_INFORMATION_FORMAT = dwarf;
				ENABLE_STRICT_OBJC_MSGSEND = YES;
				ENABLE_TESTABILITY = YES;
				GCC_C_LANGUAGE_STANDARD = gnu11;
				GCC_DYNAMIC_NO_PIC = NO;
				GCC_NO_COMMON_BLOCKS = YES;
				GCC_OPTIMIZATION_LEVEL = 0;
				GCC_PREPROCESSOR_DEFINITIONS = (
					"DEBUG=1",
					"$(inherited)",
				);
				GCC_WARN_64_TO_32_BIT_CONVERSION = YES;
				GCC_WARN_ABOUT_RETURN_TYPE = YES_ERROR;
				GCC_WARN_UNDECLARED_SELECTOR = YES;
				GCC_WARN_UNINITIALIZED_AUTOS = YES_AGGRESSIVE;
				GCC_WARN_UNUSED_FUNCTION = YES;
				GCC_WARN_UNUSED_VARIABLE = YES;
				IPHONEOS_DEPLOYMENT_TARGET = 12.1;
				MTL_ENABLE_DEBUG_INFO = INCLUDE_SOURCE;
				MTL_FAST_MATH = YES;
				ONLY_ACTIVE_ARCH = YES;
				SDKROOT = iphoneos;
				SWIFT_ACTIVE_COMPILATION_CONDITIONS = DEBUG;
				SWIFT_OPTIMIZATION_LEVEL = "-Onone";
			};
			name = Debug;
		};
		9D933C842235299E00C3CB81 /* Release */ = {
			isa = XCBuildConfiguration;
			buildSettings = {
				ALWAYS_SEARCH_USER_PATHS = NO;
				CLANG_ANALYZER_NONNULL = YES;
				CLANG_ANALYZER_NUMBER_OBJECT_CONVERSION = YES_AGGRESSIVE;
				CLANG_CXX_LANGUAGE_STANDARD = "gnu++14";
				CLANG_CXX_LIBRARY = "libc++";
				CLANG_ENABLE_MODULES = YES;
				CLANG_ENABLE_OBJC_ARC = YES;
				CLANG_ENABLE_OBJC_WEAK = YES;
				CLANG_WARN_BLOCK_CAPTURE_AUTORELEASING = YES;
				CLANG_WARN_BOOL_CONVERSION = YES;
				CLANG_WARN_COMMA = YES;
				CLANG_WARN_CONSTANT_CONVERSION = YES;
				CLANG_WARN_DEPRECATED_OBJC_IMPLEMENTATIONS = YES;
				CLANG_WARN_DIRECT_OBJC_ISA_USAGE = YES_ERROR;
				CLANG_WARN_DOCUMENTATION_COMMENTS = YES;
				CLANG_WARN_EMPTY_BODY = YES;
				CLANG_WARN_ENUM_CONVERSION = YES;
				CLANG_WARN_INFINITE_RECURSION = YES;
				CLANG_WARN_INT_CONVERSION = YES;
				CLANG_WARN_NON_LITERAL_NULL_CONVERSION = YES;
				CLANG_WARN_OBJC_IMPLICIT_RETAIN_SELF = YES;
				CLANG_WARN_OBJC_LITERAL_CONVERSION = YES;
				CLANG_WARN_OBJC_ROOT_CLASS = YES_ERROR;
				CLANG_WARN_RANGE_LOOP_ANALYSIS = YES;
				CLANG_WARN_STRICT_PROTOTYPES = YES;
				CLANG_WARN_SUSPICIOUS_MOVE = YES;
				CLANG_WARN_UNGUARDED_AVAILABILITY = YES_AGGRESSIVE;
				CLANG_WARN_UNREACHABLE_CODE = YES;
				CLANG_WARN__DUPLICATE_METHOD_MATCH = YES;
				CODE_SIGN_IDENTITY = "iPhone Developer";
				COPY_PHASE_STRIP = NO;
				DEBUG_INFORMATION_FORMAT = "dwarf-with-dsym";
				ENABLE_NS_ASSERTIONS = NO;
				ENABLE_STRICT_OBJC_MSGSEND = YES;
				GCC_C_LANGUAGE_STANDARD = gnu11;
				GCC_NO_COMMON_BLOCKS = YES;
				GCC_WARN_64_TO_32_BIT_CONVERSION = YES;
				GCC_WARN_ABOUT_RETURN_TYPE = YES_ERROR;
				GCC_WARN_UNDECLARED_SELECTOR = YES;
				GCC_WARN_UNINITIALIZED_AUTOS = YES_AGGRESSIVE;
				GCC_WARN_UNUSED_FUNCTION = YES;
				GCC_WARN_UNUSED_VARIABLE = YES;
				IPHONEOS_DEPLOYMENT_TARGET = 12.1;
				MTL_ENABLE_DEBUG_INFO = NO;
				MTL_FAST_MATH = YES;
				SDKROOT = iphoneos;
				SWIFT_COMPILATION_MODE = wholemodule;
				SWIFT_OPTIMIZATION_LEVEL = "-O";
				VALIDATE_PRODUCT = YES;
			};
			name = Release;
		};
		9D933C862235299E00C3CB81 /* Debug */ = {
			isa = XCBuildConfiguration;
			buildSettings = {
				ASSETCATALOG_COMPILER_APPICON_NAME = AppIcon;
				CODE_SIGN_STYLE = Automatic;
				DEVELOPMENT_TEAM = GTD2GNGUAY;
				INFOPLIST_FILE = Notes/Info.plist;
				LD_RUNPATH_SEARCH_PATHS = (
					"$(inherited)",
					"@executable_path/Frameworks",
				);
				PRODUCT_BUNDLE_IDENTIFIER = com.jozefVrana.Notes;
				PRODUCT_NAME = "$(TARGET_NAME)";
				SWIFT_VERSION = 4.2;
				TARGETED_DEVICE_FAMILY = "1,2";
			};
			name = Debug;
		};
		9D933C872235299E00C3CB81 /* Release */ = {
			isa = XCBuildConfiguration;
			buildSettings = {
				ASSETCATALOG_COMPILER_APPICON_NAME = AppIcon;
				CODE_SIGN_STYLE = Automatic;
				DEVELOPMENT_TEAM = GTD2GNGUAY;
				INFOPLIST_FILE = Notes/Info.plist;
				LD_RUNPATH_SEARCH_PATHS = (
					"$(inherited)",
					"@executable_path/Frameworks",
				);
				PRODUCT_BUNDLE_IDENTIFIER = com.jozefVrana.Notes;
				PRODUCT_NAME = "$(TARGET_NAME)";
				SWIFT_VERSION = 4.2;
				TARGETED_DEVICE_FAMILY = "1,2";
			};
			name = Release;
		};
		9D933C892235299E00C3CB81 /* Debug */ = {
			isa = XCBuildConfiguration;
			buildSettings = {
				ALWAYS_EMBED_SWIFT_STANDARD_LIBRARIES = YES;
				BUNDLE_LOADER = "$(TEST_HOST)";
				CODE_SIGN_STYLE = Automatic;
				DEVELOPMENT_TEAM = GTD2GNGUAY;
				INFOPLIST_FILE = NotesTests/Info.plist;
				LD_RUNPATH_SEARCH_PATHS = (
					"$(inherited)",
					"@executable_path/Frameworks",
					"@loader_path/Frameworks",
				);
				PRODUCT_BUNDLE_IDENTIFIER = com.jozefVrana.NotesTests;
				PRODUCT_NAME = "$(TARGET_NAME)";
				SWIFT_VERSION = 4.2;
				TARGETED_DEVICE_FAMILY = "1,2";
				TEST_HOST = "$(BUILT_PRODUCTS_DIR)/Notes.app/Notes";
			};
			name = Debug;
		};
		9D933C8A2235299E00C3CB81 /* Release */ = {
			isa = XCBuildConfiguration;
			buildSettings = {
				ALWAYS_EMBED_SWIFT_STANDARD_LIBRARIES = YES;
				BUNDLE_LOADER = "$(TEST_HOST)";
				CODE_SIGN_STYLE = Automatic;
				DEVELOPMENT_TEAM = GTD2GNGUAY;
				INFOPLIST_FILE = NotesTests/Info.plist;
				LD_RUNPATH_SEARCH_PATHS = (
					"$(inherited)",
					"@executable_path/Frameworks",
					"@loader_path/Frameworks",
				);
				PRODUCT_BUNDLE_IDENTIFIER = com.jozefVrana.NotesTests;
				PRODUCT_NAME = "$(TARGET_NAME)";
				SWIFT_VERSION = 4.2;
				TARGETED_DEVICE_FAMILY = "1,2";
				TEST_HOST = "$(BUILT_PRODUCTS_DIR)/Notes.app/Notes";
			};
			name = Release;
		};
/* End XCBuildConfiguration section */

/* Begin XCConfigurationList section */
		9D933C632235299D00C3CB81 /* Build configuration list for PBXProject "Notes" */ = {
			isa = XCConfigurationList;
			buildConfigurations = (
				9D933C832235299E00C3CB81 /* Debug */,
				9D933C842235299E00C3CB81 /* Release */,
			);
			defaultConfigurationIsVisible = 0;
			defaultConfigurationName = Release;
		};
		9D933C852235299E00C3CB81 /* Build configuration list for PBXNativeTarget "Notes" */ = {
			isa = XCConfigurationList;
			buildConfigurations = (
				9D933C862235299E00C3CB81 /* Debug */,
				9D933C872235299E00C3CB81 /* Release */,
			);
			defaultConfigurationIsVisible = 0;
			defaultConfigurationName = Release;
		};
		9D933C882235299E00C3CB81 /* Build configuration list for PBXNativeTarget "NotesTests" */ = {
			isa = XCConfigurationList;
			buildConfigurations = (
				9D933C892235299E00C3CB81 /* Debug */,
				9D933C8A2235299E00C3CB81 /* Release */,
			);
			defaultConfigurationIsVisible = 0;
			defaultConfigurationName = Release;
		};
/* End XCConfigurationList section */
	};
	rootObject = 9D933C602235299D00C3CB81 /* Project object */;
}
